// !$*UTF8*$!
{
	archiveVersion = 1;
	classes = {
	};
	objectVersion = 56;
	objects = {

/* Begin PBXBuildFile section */
		050AC33F8135A81B0CACA319 /* Pods_BrowserAppTests.framework in Frameworks */ = {isa = PBXBuildFile; fileRef = 8CB3BD40F6139906C42A6E45 /* Pods_BrowserAppTests.framework */; };
		3B568E8C2A66A85600C84D25 /* AppDelegate.swift in Sources */ = {isa = PBXBuildFile; fileRef = 3B568E8B2A66A85600C84D25 /* AppDelegate.swift */; };
		3B568E8E2A66A85600C84D25 /* SceneDelegate.swift in Sources */ = {isa = PBXBuildFile; fileRef = 3B568E8D2A66A85600C84D25 /* SceneDelegate.swift */; };
		3B568E902A66A85600C84D25 /* MainViewController.swift in Sources */ = {isa = PBXBuildFile; fileRef = 3B568E8F2A66A85600C84D25 /* MainViewController.swift */; };
		3B568E952A66A85800C84D25 /* Assets.xcassets in Resources */ = {isa = PBXBuildFile; fileRef = 3B568E942A66A85800C84D25 /* Assets.xcassets */; };
		3B568E982A66A85800C84D25 /* LaunchScreen.storyboard in Resources */ = {isa = PBXBuildFile; fileRef = 3B568E962A66A85800C84D25 /* LaunchScreen.storyboard */; };
		3B568EA32A66A85800C84D25 /* BrowserAppTests.swift in Sources */ = {isa = PBXBuildFile; fileRef = 3B568EA22A66A85800C84D25 /* BrowserAppTests.swift */; };
		3B568EAD2A66A85800C84D25 /* BrowserAppUITests.swift in Sources */ = {isa = PBXBuildFile; fileRef = 3B568EAC2A66A85800C84D25 /* BrowserAppUITests.swift */; };
		3B568EAF2A66A85800C84D25 /* BrowserAppUITestsLaunchTests.swift in Sources */ = {isa = PBXBuildFile; fileRef = 3B568EAE2A66A85800C84D25 /* BrowserAppUITestsLaunchTests.swift */; };
		3B568EBE2A66A90300C84D25 /* BrowserLib in Frameworks */ = {isa = PBXBuildFile; productRef = 3B568EBD2A66A90300C84D25 /* BrowserLib */; };
		3B568EC02A66CA0E00C84D25 /* MainViewModel.swift in Sources */ = {isa = PBXBuildFile; fileRef = 3B568EBF2A66CA0E00C84D25 /* MainViewModel.swift */; };
		3B568EC12A66CA0E00C84D25 /* MainViewModel.swift in Sources */ = {isa = PBXBuildFile; fileRef = 3B568EBF2A66CA0E00C84D25 /* MainViewModel.swift */; };
		3B568EC32A66CABE00C84D25 /* OrganizationModel.swift in Sources */ = {isa = PBXBuildFile; fileRef = 3B568EC22A66CABE00C84D25 /* OrganizationModel.swift */; };
		3B568EC42A66CABE00C84D25 /* OrganizationModel.swift in Sources */ = {isa = PBXBuildFile; fileRef = 3B568EC22A66CABE00C84D25 /* OrganizationModel.swift */; };
		3B568EC62A66D2FB00C84D25 /* OrganizationCell.swift in Sources */ = {isa = PBXBuildFile; fileRef = 3B568EC52A66D2FB00C84D25 /* OrganizationCell.swift */; };
		3B568EC92A66D4E900C84D25 /* Factory.swift in Sources */ = {isa = PBXBuildFile; fileRef = 3B568EC82A66D4E900C84D25 /* Factory.swift */; };
		3B568ECA2A66D4E900C84D25 /* Factory.swift in Sources */ = {isa = PBXBuildFile; fileRef = 3B568EC82A66D4E900C84D25 /* Factory.swift */; };
		3B8CE4EF2A67D1A000B090BD /* FactoryTests.swift in Sources */ = {isa = PBXBuildFile; fileRef = 3B8CE4EE2A67D1A000B090BD /* FactoryTests.swift */; };
		3B8CE4F12A67D25B00B090BD /* MainViewModelTests.swift in Sources */ = {isa = PBXBuildFile; fileRef = 3B8CE4F02A67D25B00B090BD /* MainViewModelTests.swift */; };
		B5E384F331F97CCFB417EC99 /* Pods_BrowserApp_BrowserAppUITests.framework in Frameworks */ = {isa = PBXBuildFile; fileRef = DA5CF72F34411F90E28C9F79 /* Pods_BrowserApp_BrowserAppUITests.framework */; };
		FC1DB997FBA03E3D73F02869 /* Pods_BrowserApp.framework in Frameworks */ = {isa = PBXBuildFile; fileRef = B1DB092B126E2C951A3724BA /* Pods_BrowserApp.framework */; };
/* End PBXBuildFile section */

/* Begin PBXContainerItemProxy section */
		3B568E9F2A66A85800C84D25 /* PBXContainerItemProxy */ = {
			isa = PBXContainerItemProxy;
			containerPortal = 3B568E802A66A85600C84D25 /* Project object */;
			proxyType = 1;
			remoteGlobalIDString = 3B568E872A66A85600C84D25;
			remoteInfo = BrowserApp;
		};
		3B568EA92A66A85800C84D25 /* PBXContainerItemProxy */ = {
			isa = PBXContainerItemProxy;
			containerPortal = 3B568E802A66A85600C84D25 /* Project object */;
			proxyType = 1;
			remoteGlobalIDString = 3B568E872A66A85600C84D25;
			remoteInfo = BrowserApp;
		};
/* End PBXContainerItemProxy section */

/* Begin PBXFileReference section */
		1F3100938F2DD092CE0C8B00 /* Pods-BrowserApp-BrowserAppUITests.release.xcconfig */ = {isa = PBXFileReference; includeInIndex = 1; lastKnownFileType = text.xcconfig; name = "Pods-BrowserApp-BrowserAppUITests.release.xcconfig"; path = "Target Support Files/Pods-BrowserApp-BrowserAppUITests/Pods-BrowserApp-BrowserAppUITests.release.xcconfig"; sourceTree = "<group>"; };
		2961297B192367F752CBB946 /* Pods-BrowserApp.debug.xcconfig */ = {isa = PBXFileReference; includeInIndex = 1; lastKnownFileType = text.xcconfig; name = "Pods-BrowserApp.debug.xcconfig"; path = "Target Support Files/Pods-BrowserApp/Pods-BrowserApp.debug.xcconfig"; sourceTree = "<group>"; };
		3B568E882A66A85600C84D25 /* BrowserApp.app */ = {isa = PBXFileReference; explicitFileType = wrapper.application; includeInIndex = 0; path = BrowserApp.app; sourceTree = BUILT_PRODUCTS_DIR; };
		3B568E8B2A66A85600C84D25 /* AppDelegate.swift */ = {isa = PBXFileReference; lastKnownFileType = sourcecode.swift; path = AppDelegate.swift; sourceTree = "<group>"; };
		3B568E8D2A66A85600C84D25 /* SceneDelegate.swift */ = {isa = PBXFileReference; lastKnownFileType = sourcecode.swift; path = SceneDelegate.swift; sourceTree = "<group>"; };
		3B568E8F2A66A85600C84D25 /* MainViewController.swift */ = {isa = PBXFileReference; lastKnownFileType = sourcecode.swift; path = MainViewController.swift; sourceTree = "<group>"; };
		3B568E942A66A85800C84D25 /* Assets.xcassets */ = {isa = PBXFileReference; lastKnownFileType = folder.assetcatalog; path = Assets.xcassets; sourceTree = "<group>"; };
		3B568E972A66A85800C84D25 /* Base */ = {isa = PBXFileReference; lastKnownFileType = file.storyboard; name = Base; path = Base.lproj/LaunchScreen.storyboard; sourceTree = "<group>"; };
		3B568E992A66A85800C84D25 /* Info.plist */ = {isa = PBXFileReference; lastKnownFileType = text.plist.xml; path = Info.plist; sourceTree = "<group>"; };
		3B568E9E2A66A85800C84D25 /* BrowserAppTests.xctest */ = {isa = PBXFileReference; explicitFileType = wrapper.cfbundle; includeInIndex = 0; path = BrowserAppTests.xctest; sourceTree = BUILT_PRODUCTS_DIR; };
		3B568EA22A66A85800C84D25 /* BrowserAppTests.swift */ = {isa = PBXFileReference; lastKnownFileType = sourcecode.swift; path = BrowserAppTests.swift; sourceTree = "<group>"; };
		3B568EA82A66A85800C84D25 /* BrowserAppUITests.xctest */ = {isa = PBXFileReference; explicitFileType = wrapper.cfbundle; includeInIndex = 0; path = BrowserAppUITests.xctest; sourceTree = BUILT_PRODUCTS_DIR; };
		3B568EAC2A66A85800C84D25 /* BrowserAppUITests.swift */ = {isa = PBXFileReference; lastKnownFileType = sourcecode.swift; path = BrowserAppUITests.swift; sourceTree = "<group>"; };
		3B568EAE2A66A85800C84D25 /* BrowserAppUITestsLaunchTests.swift */ = {isa = PBXFileReference; lastKnownFileType = sourcecode.swift; path = BrowserAppUITestsLaunchTests.swift; sourceTree = "<group>"; };
		3B568EBB2A66A87500C84D25 /* BrowserLib */ = {isa = PBXFileReference; lastKnownFileType = wrapper; name = BrowserLib; path = ../BrowserLib; sourceTree = "<group>"; };
		3B568EBF2A66CA0E00C84D25 /* MainViewModel.swift */ = {isa = PBXFileReference; lastKnownFileType = sourcecode.swift; path = MainViewModel.swift; sourceTree = "<group>"; };
		3B568EC22A66CABE00C84D25 /* OrganizationModel.swift */ = {isa = PBXFileReference; lastKnownFileType = sourcecode.swift; path = OrganizationModel.swift; sourceTree = "<group>"; };
		3B568EC52A66D2FB00C84D25 /* OrganizationCell.swift */ = {isa = PBXFileReference; lastKnownFileType = sourcecode.swift; path = OrganizationCell.swift; sourceTree = "<group>"; };
		3B568EC82A66D4E900C84D25 /* Factory.swift */ = {isa = PBXFileReference; lastKnownFileType = sourcecode.swift; path = Factory.swift; sourceTree = "<group>"; };
		3B8CE4EE2A67D1A000B090BD /* FactoryTests.swift */ = {isa = PBXFileReference; lastKnownFileType = sourcecode.swift; path = FactoryTests.swift; sourceTree = "<group>"; };
		3B8CE4F02A67D25B00B090BD /* MainViewModelTests.swift */ = {isa = PBXFileReference; lastKnownFileType = sourcecode.swift; path = MainViewModelTests.swift; sourceTree = "<group>"; };
		8CB3BD40F6139906C42A6E45 /* Pods_BrowserAppTests.framework */ = {isa = PBXFileReference; explicitFileType = wrapper.framework; includeInIndex = 0; path = Pods_BrowserAppTests.framework; sourceTree = BUILT_PRODUCTS_DIR; };
		8F0BB819BC31CE8E160E803F /* Pods-BrowserApp-BrowserAppUITests.debug.xcconfig */ = {isa = PBXFileReference; includeInIndex = 1; lastKnownFileType = text.xcconfig; name = "Pods-BrowserApp-BrowserAppUITests.debug.xcconfig"; path = "Target Support Files/Pods-BrowserApp-BrowserAppUITests/Pods-BrowserApp-BrowserAppUITests.debug.xcconfig"; sourceTree = "<group>"; };
		91F8FCA86296C805F97C060B /* Pods-BrowserAppTests.debug.xcconfig */ = {isa = PBXFileReference; includeInIndex = 1; lastKnownFileType = text.xcconfig; name = "Pods-BrowserAppTests.debug.xcconfig"; path = "Target Support Files/Pods-BrowserAppTests/Pods-BrowserAppTests.debug.xcconfig"; sourceTree = "<group>"; };
		9C0D75FD3D7AEB44387B87D0 /* Pods-BrowserApp.release.xcconfig */ = {isa = PBXFileReference; includeInIndex = 1; lastKnownFileType = text.xcconfig; name = "Pods-BrowserApp.release.xcconfig"; path = "Target Support Files/Pods-BrowserApp/Pods-BrowserApp.release.xcconfig"; sourceTree = "<group>"; };
		B1DB092B126E2C951A3724BA /* Pods_BrowserApp.framework */ = {isa = PBXFileReference; explicitFileType = wrapper.framework; includeInIndex = 0; path = Pods_BrowserApp.framework; sourceTree = BUILT_PRODUCTS_DIR; };
		CF7DCF6D1C9826071D7226F6 /* Pods-BrowserAppTests.release.xcconfig */ = {isa = PBXFileReference; includeInIndex = 1; lastKnownFileType = text.xcconfig; name = "Pods-BrowserAppTests.release.xcconfig"; path = "Target Support Files/Pods-BrowserAppTests/Pods-BrowserAppTests.release.xcconfig"; sourceTree = "<group>"; };
		DA5CF72F34411F90E28C9F79 /* Pods_BrowserApp_BrowserAppUITests.framework */ = {isa = PBXFileReference; explicitFileType = wrapper.framework; includeInIndex = 0; path = Pods_BrowserApp_BrowserAppUITests.framework; sourceTree = BUILT_PRODUCTS_DIR; };
/* End PBXFileReference section */

/* Begin PBXFrameworksBuildPhase section */
		3B568E852A66A85600C84D25 /* Frameworks */ = {
			isa = PBXFrameworksBuildPhase;
			buildActionMask = 2147483647;
			files = (
				3B568EBE2A66A90300C84D25 /* BrowserLib in Frameworks */,
				FC1DB997FBA03E3D73F02869 /* Pods_BrowserApp.framework in Frameworks */,
			);
			runOnlyForDeploymentPostprocessing = 0;
		};
		3B568E9B2A66A85800C84D25 /* Frameworks */ = {
			isa = PBXFrameworksBuildPhase;
			buildActionMask = 2147483647;
			files = (
				050AC33F8135A81B0CACA319 /* Pods_BrowserAppTests.framework in Frameworks */,
			);
			runOnlyForDeploymentPostprocessing = 0;
		};
		3B568EA52A66A85800C84D25 /* Frameworks */ = {
			isa = PBXFrameworksBuildPhase;
			buildActionMask = 2147483647;
			files = (
				B5E384F331F97CCFB417EC99 /* Pods_BrowserApp_BrowserAppUITests.framework in Frameworks */,
			);
			runOnlyForDeploymentPostprocessing = 0;
		};
/* End PBXFrameworksBuildPhase section */

/* Begin PBXGroup section */
		3B568E7F2A66A85600C84D25 = {
			isa = PBXGroup;
			children = (
				3B568EBB2A66A87500C84D25 /* BrowserLib */,
				3B568E8A2A66A85600C84D25 /* BrowserApp */,
				3B568EA12A66A85800C84D25 /* BrowserAppTests */,
				3B568EAB2A66A85800C84D25 /* BrowserAppUITests */,
				3B568E892A66A85600C84D25 /* Products */,
				3B568EBC2A66A90300C84D25 /* Frameworks */,
				B0A96BC813A7FA540DEEAB92 /* Pods */,
			);
			sourceTree = "<group>";
		};
		3B568E892A66A85600C84D25 /* Products */ = {
			isa = PBXGroup;
			children = (
				3B568E882A66A85600C84D25 /* BrowserApp.app */,
				3B568E9E2A66A85800C84D25 /* BrowserAppTests.xctest */,
				3B568EA82A66A85800C84D25 /* BrowserAppUITests.xctest */,
			);
			name = Products;
			sourceTree = "<group>";
		};
		3B568E8A2A66A85600C84D25 /* BrowserApp */ = {
			isa = PBXGroup;
			children = (
				3B568E8B2A66A85600C84D25 /* AppDelegate.swift */,
				3B568E8D2A66A85600C84D25 /* SceneDelegate.swift */,
				3B8CE4ED2A67D16A00B090BD /* Helpers */,
				3B8CE4EC2A67D15D00B090BD /* ViewModels */,
				3B8CE4E92A67D13C00B090BD /* Views */,
				3B8CE4EB2A67D15000B090BD /* Models */,
				3B568E942A66A85800C84D25 /* Assets.xcassets */,
				3B568E962A66A85800C84D25 /* LaunchScreen.storyboard */,
				3B568E992A66A85800C84D25 /* Info.plist */,
			);
			path = BrowserApp;
			sourceTree = "<group>";
		};
		3B568EA12A66A85800C84D25 /* BrowserAppTests */ = {
			isa = PBXGroup;
			children = (
				3B568EA22A66A85800C84D25 /* BrowserAppTests.swift */,
				3B8CE4F02A67D25B00B090BD /* MainViewModelTests.swift */,
				3B8CE4EE2A67D1A000B090BD /* FactoryTests.swift */,
			);
			path = BrowserAppTests;
			sourceTree = "<group>";
		};
		3B568EAB2A66A85800C84D25 /* BrowserAppUITests */ = {
			isa = PBXGroup;
			children = (
				3B568EAC2A66A85800C84D25 /* BrowserAppUITests.swift */,
				3B568EAE2A66A85800C84D25 /* BrowserAppUITestsLaunchTests.swift */,
			);
			path = BrowserAppUITests;
			sourceTree = "<group>";
		};
		3B568EBC2A66A90300C84D25 /* Frameworks */ = {
			isa = PBXGroup;
			children = (
				B1DB092B126E2C951A3724BA /* Pods_BrowserApp.framework */,
				DA5CF72F34411F90E28C9F79 /* Pods_BrowserApp_BrowserAppUITests.framework */,
				8CB3BD40F6139906C42A6E45 /* Pods_BrowserAppTests.framework */,
			);
			name = Frameworks;
			sourceTree = "<group>";
		};
		3B8CE4E92A67D13C00B090BD /* Views */ = {
			isa = PBXGroup;
			children = (
				3B8CE4EA2A67D14600B090BD /* Cells */,
				3B568E8F2A66A85600C84D25 /* MainViewController.swift */,
			);
			path = Views;
			sourceTree = "<group>";
		};
		3B8CE4EA2A67D14600B090BD /* Cells */ = {
			isa = PBXGroup;
			children = (
				3B568EC52A66D2FB00C84D25 /* OrganizationCell.swift */,
			);
			path = Cells;
			sourceTree = "<group>";
		};
		3B8CE4EB2A67D15000B090BD /* Models */ = {
			isa = PBXGroup;
			children = (
				3B568EC22A66CABE00C84D25 /* OrganizationModel.swift */,
			);
			path = Models;
			sourceTree = "<group>";
		};
		3B8CE4EC2A67D15D00B090BD /* ViewModels */ = {
			isa = PBXGroup;
			children = (
				3B568EBF2A66CA0E00C84D25 /* MainViewModel.swift */,
			);
			path = ViewModels;
			sourceTree = "<group>";
		};
		3B8CE4ED2A67D16A00B090BD /* Helpers */ = {
			isa = PBXGroup;
			children = (
				3B568EC82A66D4E900C84D25 /* Factory.swift */,
			);
			path = Helpers;
			sourceTree = "<group>";
		};
		B0A96BC813A7FA540DEEAB92 /* Pods */ = {
			isa = PBXGroup;
			children = (
				2961297B192367F752CBB946 /* Pods-BrowserApp.debug.xcconfig */,
				9C0D75FD3D7AEB44387B87D0 /* Pods-BrowserApp.release.xcconfig */,
				8F0BB819BC31CE8E160E803F /* Pods-BrowserApp-BrowserAppUITests.debug.xcconfig */,
				1F3100938F2DD092CE0C8B00 /* Pods-BrowserApp-BrowserAppUITests.release.xcconfig */,
				91F8FCA86296C805F97C060B /* Pods-BrowserAppTests.debug.xcconfig */,
				CF7DCF6D1C9826071D7226F6 /* Pods-BrowserAppTests.release.xcconfig */,
			);
			path = Pods;
			sourceTree = "<group>";
		};
/* End PBXGroup section */

/* Begin PBXNativeTarget section */
		3B568E872A66A85600C84D25 /* BrowserApp */ = {
			isa = PBXNativeTarget;
			buildConfigurationList = 3B568EB22A66A85800C84D25 /* Build configuration list for PBXNativeTarget "BrowserApp" */;
			buildPhases = (
				2DF0E2A0A07C066985072344 /* [CP] Check Pods Manifest.lock */,
				3B568E842A66A85600C84D25 /* Sources */,
				3B568E852A66A85600C84D25 /* Frameworks */,
				3B568E862A66A85600C84D25 /* Resources */,
				4DB8939DD675FB9A748E6000 /* [CP] Embed Pods Frameworks */,
			);
			buildRules = (
			);
			dependencies = (
			);
			name = BrowserApp;
			packageProductDependencies = (
				3B568EBD2A66A90300C84D25 /* BrowserLib */,
			);
			productName = BrowserApp;
			productReference = 3B568E882A66A85600C84D25 /* BrowserApp.app */;
			productType = "com.apple.product-type.application";
		};
		3B568E9D2A66A85800C84D25 /* BrowserAppTests */ = {
			isa = PBXNativeTarget;
			buildConfigurationList = 3B568EB52A66A85800C84D25 /* Build configuration list for PBXNativeTarget "BrowserAppTests" */;
			buildPhases = (
				098626370ABC8FA42358396B /* [CP] Check Pods Manifest.lock */,
				3B568E9A2A66A85800C84D25 /* Sources */,
				3B568E9B2A66A85800C84D25 /* Frameworks */,
				3B568E9C2A66A85800C84D25 /* Resources */,
			);
			buildRules = (
			);
			dependencies = (
				3B568EA02A66A85800C84D25 /* PBXTargetDependency */,
			);
			name = BrowserAppTests;
			productName = BrowserAppTests;
			productReference = 3B568E9E2A66A85800C84D25 /* BrowserAppTests.xctest */;
			productType = "com.apple.product-type.bundle.unit-test";
		};
		3B568EA72A66A85800C84D25 /* BrowserAppUITests */ = {
			isa = PBXNativeTarget;
			buildConfigurationList = 3B568EB82A66A85800C84D25 /* Build configuration list for PBXNativeTarget "BrowserAppUITests" */;
			buildPhases = (
				0B997065F414A3BE7E6C8C6E /* [CP] Check Pods Manifest.lock */,
				3B568EA42A66A85800C84D25 /* Sources */,
				3B568EA52A66A85800C84D25 /* Frameworks */,
				3B568EA62A66A85800C84D25 /* Resources */,
				E2BE1FFCF1AB8F6AF61D43E3 /* [CP] Embed Pods Frameworks */,
			);
			buildRules = (
			);
			dependencies = (
				3B568EAA2A66A85800C84D25 /* PBXTargetDependency */,
			);
			name = BrowserAppUITests;
			productName = BrowserAppUITests;
			productReference = 3B568EA82A66A85800C84D25 /* BrowserAppUITests.xctest */;
			productType = "com.apple.product-type.bundle.ui-testing";
		};
/* End PBXNativeTarget section */

/* Begin PBXProject section */
		3B568E802A66A85600C84D25 /* Project object */ = {
			isa = PBXProject;
			attributes = {
				BuildIndependentTargetsInParallel = 1;
				LastSwiftUpdateCheck = 1420;
				LastUpgradeCheck = 1420;
				TargetAttributes = {
					3B568E872A66A85600C84D25 = {
						CreatedOnToolsVersion = 14.2;
					};
					3B568E9D2A66A85800C84D25 = {
						CreatedOnToolsVersion = 14.2;
						TestTargetID = 3B568E872A66A85600C84D25;
					};
					3B568EA72A66A85800C84D25 = {
						CreatedOnToolsVersion = 14.2;
						TestTargetID = 3B568E872A66A85600C84D25;
					};
				};
			};
			buildConfigurationList = 3B568E832A66A85600C84D25 /* Build configuration list for PBXProject "BrowserApp" */;
			compatibilityVersion = "Xcode 14.0";
			developmentRegion = en;
			hasScannedForEncodings = 0;
			knownRegions = (
				en,
				Base,
			);
			mainGroup = 3B568E7F2A66A85600C84D25;
			productRefGroup = 3B568E892A66A85600C84D25 /* Products */;
			projectDirPath = "";
			projectRoot = "";
			targets = (
				3B568E872A66A85600C84D25 /* BrowserApp */,
				3B568E9D2A66A85800C84D25 /* BrowserAppTests */,
				3B568EA72A66A85800C84D25 /* BrowserAppUITests */,
			);
		};
/* End PBXProject section */

/* Begin PBXResourcesBuildPhase section */
		3B568E862A66A85600C84D25 /* Resources */ = {
			isa = PBXResourcesBuildPhase;
			buildActionMask = 2147483647;
			files = (
				3B568E982A66A85800C84D25 /* LaunchScreen.storyboard in Resources */,
				3B568E952A66A85800C84D25 /* Assets.xcassets in Resources */,
			);
			runOnlyForDeploymentPostprocessing = 0;
		};
		3B568E9C2A66A85800C84D25 /* Resources */ = {
			isa = PBXResourcesBuildPhase;
			buildActionMask = 2147483647;
			files = (
			);
			runOnlyForDeploymentPostprocessing = 0;
		};
		3B568EA62A66A85800C84D25 /* Resources */ = {
			isa = PBXResourcesBuildPhase;
			buildActionMask = 2147483647;
			files = (
			);
			runOnlyForDeploymentPostprocessing = 0;
		};
/* End PBXResourcesBuildPhase section */

/* Begin PBXShellScriptBuildPhase section */
		098626370ABC8FA42358396B /* [CP] Check Pods Manifest.lock */ = {
			isa = PBXShellScriptBuildPhase;
			buildActionMask = 2147483647;
			files = (
			);
			inputFileListPaths = (
			);
			inputPaths = (
				"${PODS_PODFILE_DIR_PATH}/Podfile.lock",
				"${PODS_ROOT}/Manifest.lock",
			);
			name = "[CP] Check Pods Manifest.lock";
			outputFileListPaths = (
			);
			outputPaths = (
				"$(DERIVED_FILE_DIR)/Pods-BrowserAppTests-checkManifestLockResult.txt",
			);
			runOnlyForDeploymentPostprocessing = 0;
			shellPath = /bin/sh;
			shellScript = "diff \"${PODS_PODFILE_DIR_PATH}/Podfile.lock\" \"${PODS_ROOT}/Manifest.lock\" > /dev/null\nif [ $? != 0 ] ; then\n    # print error to STDERR\n    echo \"error: The sandbox is not in sync with the Podfile.lock. Run 'pod install' or update your CocoaPods installation.\" >&2\n    exit 1\nfi\n# This output is used by Xcode 'outputs' to avoid re-running this script phase.\necho \"SUCCESS\" > \"${SCRIPT_OUTPUT_FILE_0}\"\n";
			showEnvVarsInLog = 0;
		};
		0B997065F414A3BE7E6C8C6E /* [CP] Check Pods Manifest.lock */ = {
			isa = PBXShellScriptBuildPhase;
			buildActionMask = 2147483647;
			files = (
			);
			inputFileListPaths = (
			);
			inputPaths = (
				"${PODS_PODFILE_DIR_PATH}/Podfile.lock",
				"${PODS_ROOT}/Manifest.lock",
			);
			name = "[CP] Check Pods Manifest.lock";
			outputFileListPaths = (
			);
			outputPaths = (
				"$(DERIVED_FILE_DIR)/Pods-BrowserApp-BrowserAppUITests-checkManifestLockResult.txt",
			);
			runOnlyForDeploymentPostprocessing = 0;
			shellPath = /bin/sh;
			shellScript = "diff \"${PODS_PODFILE_DIR_PATH}/Podfile.lock\" \"${PODS_ROOT}/Manifest.lock\" > /dev/null\nif [ $? != 0 ] ; then\n    # print error to STDERR\n    echo \"error: The sandbox is not in sync with the Podfile.lock. Run 'pod install' or update your CocoaPods installation.\" >&2\n    exit 1\nfi\n# This output is used by Xcode 'outputs' to avoid re-running this script phase.\necho \"SUCCESS\" > \"${SCRIPT_OUTPUT_FILE_0}\"\n";
			showEnvVarsInLog = 0;
		};
		2DF0E2A0A07C066985072344 /* [CP] Check Pods Manifest.lock */ = {
			isa = PBXShellScriptBuildPhase;
			buildActionMask = 2147483647;
			files = (
			);
			inputFileListPaths = (
			);
			inputPaths = (
				"${PODS_PODFILE_DIR_PATH}/Podfile.lock",
				"${PODS_ROOT}/Manifest.lock",
			);
			name = "[CP] Check Pods Manifest.lock";
			outputFileListPaths = (
			);
			outputPaths = (
				"$(DERIVED_FILE_DIR)/Pods-BrowserApp-checkManifestLockResult.txt",
			);
			runOnlyForDeploymentPostprocessing = 0;
			shellPath = /bin/sh;
			shellScript = "diff \"${PODS_PODFILE_DIR_PATH}/Podfile.lock\" \"${PODS_ROOT}/Manifest.lock\" > /dev/null\nif [ $? != 0 ] ; then\n    # print error to STDERR\n    echo \"error: The sandbox is not in sync with the Podfile.lock. Run 'pod install' or update your CocoaPods installation.\" >&2\n    exit 1\nfi\n# This output is used by Xcode 'outputs' to avoid re-running this script phase.\necho \"SUCCESS\" > \"${SCRIPT_OUTPUT_FILE_0}\"\n";
			showEnvVarsInLog = 0;
		};
		4DB8939DD675FB9A748E6000 /* [CP] Embed Pods Frameworks */ = {
			isa = PBXShellScriptBuildPhase;
			buildActionMask = 2147483647;
			files = (
			);
			inputFileListPaths = (
				"${PODS_ROOT}/Target Support Files/Pods-BrowserApp/Pods-BrowserApp-frameworks-${CONFIGURATION}-input-files.xcfilelist",
			);
			name = "[CP] Embed Pods Frameworks";
			outputFileListPaths = (
				"${PODS_ROOT}/Target Support Files/Pods-BrowserApp/Pods-BrowserApp-frameworks-${CONFIGURATION}-output-files.xcfilelist",
			);
			runOnlyForDeploymentPostprocessing = 0;
			shellPath = /bin/sh;
			shellScript = "\"${PODS_ROOT}/Target Support Files/Pods-BrowserApp/Pods-BrowserApp-frameworks.sh\"\n";
			showEnvVarsInLog = 0;
		};
		E2BE1FFCF1AB8F6AF61D43E3 /* [CP] Embed Pods Frameworks */ = {
			isa = PBXShellScriptBuildPhase;
			buildActionMask = 2147483647;
			files = (
			);
			inputFileListPaths = (
				"${PODS_ROOT}/Target Support Files/Pods-BrowserApp-BrowserAppUITests/Pods-BrowserApp-BrowserAppUITests-frameworks-${CONFIGURATION}-input-files.xcfilelist",
			);
			name = "[CP] Embed Pods Frameworks";
			outputFileListPaths = (
				"${PODS_ROOT}/Target Support Files/Pods-BrowserApp-BrowserAppUITests/Pods-BrowserApp-BrowserAppUITests-frameworks-${CONFIGURATION}-output-files.xcfilelist",
			);
			runOnlyForDeploymentPostprocessing = 0;
			shellPath = /bin/sh;
			shellScript = "\"${PODS_ROOT}/Target Support Files/Pods-BrowserApp-BrowserAppUITests/Pods-BrowserApp-BrowserAppUITests-frameworks.sh\"\n";
			showEnvVarsInLog = 0;
		};
/* End PBXShellScriptBuildPhase section */

/* Begin PBXSourcesBuildPhase section */
		3B568E842A66A85600C84D25 /* Sources */ = {
			isa = PBXSourcesBuildPhase;
			buildActionMask = 2147483647;
			files = (
				3B568EC62A66D2FB00C84D25 /* OrganizationCell.swift in Sources */,
				3B568E902A66A85600C84D25 /* MainViewController.swift in Sources */,
				3B568E8C2A66A85600C84D25 /* AppDelegate.swift in Sources */,
				3B568E8E2A66A85600C84D25 /* SceneDelegate.swift in Sources */,
				3B568EC32A66CABE00C84D25 /* OrganizationModel.swift in Sources */,
				3B568EC02A66CA0E00C84D25 /* MainViewModel.swift in Sources */,
				3B568EC92A66D4E900C84D25 /* Factory.swift in Sources */,
			);
			runOnlyForDeploymentPostprocessing = 0;
		};
		3B568E9A2A66A85800C84D25 /* Sources */ = {
			isa = PBXSourcesBuildPhase;
			buildActionMask = 2147483647;
			files = (
				3B568EA32A66A85800C84D25 /* BrowserAppTests.swift in Sources */,
				3B8CE4EF2A67D1A000B090BD /* FactoryTests.swift in Sources */,
				3B568EC42A66CABE00C84D25 /* OrganizationModel.swift in Sources */,
				3B8CE4F12A67D25B00B090BD /* MainViewModelTests.swift in Sources */,
				3B568EC12A66CA0E00C84D25 /* MainViewModel.swift in Sources */,
				3B568ECA2A66D4E900C84D25 /* Factory.swift in Sources */,
			);
			runOnlyForDeploymentPostprocessing = 0;
		};
		3B568EA42A66A85800C84D25 /* Sources */ = {
			isa = PBXSourcesBuildPhase;
			buildActionMask = 2147483647;
			files = (
				3B568EAD2A66A85800C84D25 /* BrowserAppUITests.swift in Sources */,
				3B568EAF2A66A85800C84D25 /* BrowserAppUITestsLaunchTests.swift in Sources */,
			);
			runOnlyForDeploymentPostprocessing = 0;
		};
/* End PBXSourcesBuildPhase section */

/* Begin PBXTargetDependency section */
		3B568EA02A66A85800C84D25 /* PBXTargetDependency */ = {
			isa = PBXTargetDependency;
			target = 3B568E872A66A85600C84D25 /* BrowserApp */;
			targetProxy = 3B568E9F2A66A85800C84D25 /* PBXContainerItemProxy */;
		};
		3B568EAA2A66A85800C84D25 /* PBXTargetDependency */ = {
			isa = PBXTargetDependency;
			target = 3B568E872A66A85600C84D25 /* BrowserApp */;
			targetProxy = 3B568EA92A66A85800C84D25 /* PBXContainerItemProxy */;
		};
/* End PBXTargetDependency section */

/* Begin PBXVariantGroup section */
		3B568E962A66A85800C84D25 /* LaunchScreen.storyboard */ = {
			isa = PBXVariantGroup;
			children = (
				3B568E972A66A85800C84D25 /* Base */,
			);
			name = LaunchScreen.storyboard;
			sourceTree = "<group>";
		};
/* End PBXVariantGroup section */

/* Begin XCBuildConfiguration section */
		3B568EB02A66A85800C84D25 /* Debug */ = {
			isa = XCBuildConfiguration;
			buildSettings = {
				ALWAYS_SEARCH_USER_PATHS = NO;
				CLANG_ANALYZER_NONNULL = YES;
				CLANG_ANALYZER_NUMBER_OBJECT_CONVERSION = YES_AGGRESSIVE;
				CLANG_CXX_LANGUAGE_STANDARD = "gnu++20";
				CLANG_ENABLE_MODULES = YES;
				CLANG_ENABLE_OBJC_ARC = YES;
				CLANG_ENABLE_OBJC_WEAK = YES;
				CLANG_WARN_BLOCK_CAPTURE_AUTORELEASING = YES;
				CLANG_WARN_BOOL_CONVERSION = YES;
				CLANG_WARN_COMMA = YES;
				CLANG_WARN_CONSTANT_CONVERSION = YES;
				CLANG_WARN_DEPRECATED_OBJC_IMPLEMENTATIONS = YES;
				CLANG_WARN_DIRECT_OBJC_ISA_USAGE = YES_ERROR;
				CLANG_WARN_DOCUMENTATION_COMMENTS = YES;
				CLANG_WARN_EMPTY_BODY = YES;
				CLANG_WARN_ENUM_CONVERSION = YES;
				CLANG_WARN_INFINITE_RECURSION = YES;
				CLANG_WARN_INT_CONVERSION = YES;
				CLANG_WARN_NON_LITERAL_NULL_CONVERSION = YES;
				CLANG_WARN_OBJC_IMPLICIT_RETAIN_SELF = YES;
				CLANG_WARN_OBJC_LITERAL_CONVERSION = YES;
				CLANG_WARN_OBJC_ROOT_CLASS = YES_ERROR;
				CLANG_WARN_QUOTED_INCLUDE_IN_FRAMEWORK_HEADER = YES;
				CLANG_WARN_RANGE_LOOP_ANALYSIS = YES;
				CLANG_WARN_STRICT_PROTOTYPES = YES;
				CLANG_WARN_SUSPICIOUS_MOVE = YES;
				CLANG_WARN_UNGUARDED_AVAILABILITY = YES_AGGRESSIVE;
				CLANG_WARN_UNREACHABLE_CODE = YES;
				CLANG_WARN__DUPLICATE_METHOD_MATCH = YES;
				COPY_PHASE_STRIP = NO;
				DEBUG_INFORMATION_FORMAT = dwarf;
				ENABLE_STRICT_OBJC_MSGSEND = YES;
				ENABLE_TESTABILITY = YES;
				GCC_C_LANGUAGE_STANDARD = gnu11;
				GCC_DYNAMIC_NO_PIC = NO;
				GCC_NO_COMMON_BLOCKS = YES;
				GCC_OPTIMIZATION_LEVEL = 0;
				GCC_PREPROCESSOR_DEFINITIONS = (
					"DEBUG=1",
					"$(inherited)",
				);
				GCC_WARN_64_TO_32_BIT_CONVERSION = YES;
				GCC_WARN_ABOUT_RETURN_TYPE = YES_ERROR;
				GCC_WARN_UNDECLARED_SELECTOR = YES;
				GCC_WARN_UNINITIALIZED_AUTOS = YES_AGGRESSIVE;
				GCC_WARN_UNUSED_FUNCTION = YES;
				GCC_WARN_UNUSED_VARIABLE = YES;
				IPHONEOS_DEPLOYMENT_TARGET = 16.2;
				MTL_ENABLE_DEBUG_INFO = INCLUDE_SOURCE;
				MTL_FAST_MATH = YES;
				ONLY_ACTIVE_ARCH = YES;
				SDKROOT = iphoneos;
				SWIFT_ACTIVE_COMPILATION_CONDITIONS = DEBUG;
				SWIFT_OPTIMIZATION_LEVEL = "-Onone";
			};
			name = Debug;
		};
		3B568EB12A66A85800C84D25 /* Release */ = {
			isa = XCBuildConfiguration;
			buildSettings = {
				ALWAYS_SEARCH_USER_PATHS = NO;
				CLANG_ANALYZER_NONNULL = YES;
				CLANG_ANALYZER_NUMBER_OBJECT_CONVERSION = YES_AGGRESSIVE;
				CLANG_CXX_LANGUAGE_STANDARD = "gnu++20";
				CLANG_ENABLE_MODULES = YES;
				CLANG_ENABLE_OBJC_ARC = YES;
				CLANG_ENABLE_OBJC_WEAK = YES;
				CLANG_WARN_BLOCK_CAPTURE_AUTORELEASING = YES;
				CLANG_WARN_BOOL_CONVERSION = YES;
				CLANG_WARN_COMMA = YES;
				CLANG_WARN_CONSTANT_CONVERSION = YES;
				CLANG_WARN_DEPRECATED_OBJC_IMPLEMENTATIONS = YES;
				CLANG_WARN_DIRECT_OBJC_ISA_USAGE = YES_ERROR;
				CLANG_WARN_DOCUMENTATION_COMMENTS = YES;
				CLANG_WARN_EMPTY_BODY = YES;
				CLANG_WARN_ENUM_CONVERSION = YES;
				CLANG_WARN_INFINITE_RECURSION = YES;
				CLANG_WARN_INT_CONVERSION = YES;
				CLANG_WARN_NON_LITERAL_NULL_CONVERSION = YES;
				CLANG_WARN_OBJC_IMPLICIT_RETAIN_SELF = YES;
				CLANG_WARN_OBJC_LITERAL_CONVERSION = YES;
				CLANG_WARN_OBJC_ROOT_CLASS = YES_ERROR;
				CLANG_WARN_QUOTED_INCLUDE_IN_FRAMEWORK_HEADER = YES;
				CLANG_WARN_RANGE_LOOP_ANALYSIS = YES;
				CLANG_WARN_STRICT_PROTOTYPES = YES;
				CLANG_WARN_SUSPICIOUS_MOVE = YES;
				CLANG_WARN_UNGUARDED_AVAILABILITY = YES_AGGRESSIVE;
				CLANG_WARN_UNREACHABLE_CODE = YES;
				CLANG_WARN__DUPLICATE_METHOD_MATCH = YES;
				COPY_PHASE_STRIP = NO;
				DEBUG_INFORMATION_FORMAT = "dwarf-with-dsym";
				ENABLE_NS_ASSERTIONS = NO;
				ENABLE_STRICT_OBJC_MSGSEND = YES;
				GCC_C_LANGUAGE_STANDARD = gnu11;
				GCC_NO_COMMON_BLOCKS = YES;
				GCC_WARN_64_TO_32_BIT_CONVERSION = YES;
				GCC_WARN_ABOUT_RETURN_TYPE = YES_ERROR;
				GCC_WARN_UNDECLARED_SELECTOR = YES;
				GCC_WARN_UNINITIALIZED_AUTOS = YES_AGGRESSIVE;
				GCC_WARN_UNUSED_FUNCTION = YES;
				GCC_WARN_UNUSED_VARIABLE = YES;
				IPHONEOS_DEPLOYMENT_TARGET = 16.2;
				MTL_ENABLE_DEBUG_INFO = NO;
				MTL_FAST_MATH = YES;
				SDKROOT = iphoneos;
				SWIFT_COMPILATION_MODE = wholemodule;
				SWIFT_OPTIMIZATION_LEVEL = "-O";
				VALIDATE_PRODUCT = YES;
			};
			name = Release;
		};
		3B568EB32A66A85800C84D25 /* Debug */ = {
			isa = XCBuildConfiguration;
			baseConfigurationReference = 2961297B192367F752CBB946 /* Pods-BrowserApp.debug.xcconfig */;
			buildSettings = {
				ASSETCATALOG_COMPILER_APPICON_NAME = AppIcon;
				ASSETCATALOG_COMPILER_GLOBAL_ACCENT_COLOR_NAME = AccentColor;
				CODE_SIGN_STYLE = Automatic;
				CURRENT_PROJECT_VERSION = 1;
				DEVELOPMENT_TEAM = NUANG5WKCH;
				GENERATE_INFOPLIST_FILE = YES;
				INFOPLIST_FILE = BrowserApp/Info.plist;
				INFOPLIST_KEY_UIApplicationSupportsIndirectInputEvents = YES;
				INFOPLIST_KEY_UILaunchStoryboardName = LaunchScreen;
				INFOPLIST_KEY_UISupportedInterfaceOrientations_iPad = "UIInterfaceOrientationPortrait UIInterfaceOrientationPortraitUpsideDown UIInterfaceOrientationLandscapeLeft UIInterfaceOrientationLandscapeRight";
				INFOPLIST_KEY_UISupportedInterfaceOrientations_iPhone = "UIInterfaceOrientationPortrait UIInterfaceOrientationLandscapeLeft UIInterfaceOrientationLandscapeRight";
				LD_RUNPATH_SEARCH_PATHS = (
					"$(inherited)",
					"@executable_path/Frameworks",
				);
				MARKETING_VERSION = 1.0;
				PRODUCT_BUNDLE_IDENTIFIER = ErenErtenCompany.BrowserApp;
				PRODUCT_NAME = "$(TARGET_NAME)";
				SWIFT_EMIT_LOC_STRINGS = YES;
				SWIFT_VERSION = 5.0;
				TARGETED_DEVICE_FAMILY = "1,2";
			};
			name = Debug;
		};
		3B568EB42A66A85800C84D25 /* Release */ = {
			isa = XCBuildConfiguration;
			baseConfigurationReference = 9C0D75FD3D7AEB44387B87D0 /* Pods-BrowserApp.release.xcconfig */;
			buildSettings = {
				ASSETCATALOG_COMPILER_APPICON_NAME = AppIcon;
				ASSETCATALOG_COMPILER_GLOBAL_ACCENT_COLOR_NAME = AccentColor;
				CODE_SIGN_STYLE = Automatic;
				CURRENT_PROJECT_VERSION = 1;
				DEVELOPMENT_TEAM = NUANG5WKCH;
				GENERATE_INFOPLIST_FILE = YES;
				INFOPLIST_FILE = BrowserApp/Info.plist;
				INFOPLIST_KEY_UIApplicationSupportsIndirectInputEvents = YES;
				INFOPLIST_KEY_UILaunchStoryboardName = LaunchScreen;
				INFOPLIST_KEY_UISupportedInterfaceOrientations_iPad = "UIInterfaceOrientationPortrait UIInterfaceOrientationPortraitUpsideDown UIInterfaceOrientationLandscapeLeft UIInterfaceOrientationLandscapeRight";
				INFOPLIST_KEY_UISupportedInterfaceOrientations_iPhone = "UIInterfaceOrientationPortrait UIInterfaceOrientationLandscapeLeft UIInterfaceOrientationLandscapeRight";
				LD_RUNPATH_SEARCH_PATHS = (
					"$(inherited)",
					"@executable_path/Frameworks",
				);
				MARKETING_VERSION = 1.0;
				PRODUCT_BUNDLE_IDENTIFIER = ErenErtenCompany.BrowserApp;
				PRODUCT_NAME = "$(TARGET_NAME)";
				SWIFT_EMIT_LOC_STRINGS = YES;
				SWIFT_VERSION = 5.0;
				TARGETED_DEVICE_FAMILY = "1,2";
			};
			name = Release;
		};
		3B568EB62A66A85800C84D25 /* Debug */ = {
			isa = XCBuildConfiguration;
			baseConfigurationReference = 91F8FCA86296C805F97C060B /* Pods-BrowserAppTests.debug.xcconfig */;
			buildSettings = {
				ALWAYS_EMBED_SWIFT_STANDARD_LIBRARIES = YES;
				BUNDLE_LOADER = "$(TEST_HOST)";
				CODE_SIGN_STYLE = Automatic;
				CURRENT_PROJECT_VERSION = 1;
				DEVELOPMENT_TEAM = NUANG5WKCH;
				GENERATE_INFOPLIST_FILE = YES;
				IPHONEOS_DEPLOYMENT_TARGET = 16.2;
				MARKETING_VERSION = 1.0;
				PRODUCT_BUNDLE_IDENTIFIER = ErenErtenCompany.BrowserAppTests;
				PRODUCT_NAME = "$(TARGET_NAME)";
				SWIFT_EMIT_LOC_STRINGS = NO;
				SWIFT_VERSION = 5.0;
				TARGETED_DEVICE_FAMILY = "1,2";
				TEST_HOST = "$(BUILT_PRODUCTS_DIR)/BrowserApp.app/$(BUNDLE_EXECUTABLE_FOLDER_PATH)/BrowserApp";
			};
			name = Debug;
		};
		3B568EB72A66A85800C84D25 /* Release */ = {
			isa = XCBuildConfiguration;
			baseConfigurationReference = CF7DCF6D1C9826071D7226F6 /* Pods-BrowserAppTests.release.xcconfig */;
			buildSettings = {
				ALWAYS_EMBED_SWIFT_STANDARD_LIBRARIES = YES;
				BUNDLE_LOADER = "$(TEST_HOST)";
				CODE_SIGN_STYLE = Automatic;
				CURRENT_PROJECT_VERSION = 1;
				DEVELOPMENT_TEAM = NUANG5WKCH;
				GENERATE_INFOPLIST_FILE = YES;
				IPHONEOS_DEPLOYMENT_TARGET = 16.2;
				MARKETING_VERSION = 1.0;
				PRODUCT_BUNDLE_IDENTIFIER = ErenErtenCompany.BrowserAppTests;
				PRODUCT_NAME = "$(TARGET_NAME)";
				SWIFT_EMIT_LOC_STRINGS = NO;
				SWIFT_VERSION = 5.0;
				TARGETED_DEVICE_FAMILY = "1,2";
				TEST_HOST = "$(BUILT_PRODUCTS_DIR)/BrowserApp.app/$(BUNDLE_EXECUTABLE_FOLDER_PATH)/BrowserApp";
			};
			name = Release;
		};
		3B568EB92A66A85800C84D25 /* Debug */ = {
			isa = XCBuildConfiguration;
			baseConfigurationReference = 8F0BB819BC31CE8E160E803F /* Pods-BrowserApp-BrowserAppUITests.debug.xcconfig */;
			buildSettings = {
				ALWAYS_EMBED_SWIFT_STANDARD_LIBRARIES = YES;
				CODE_SIGN_STYLE = Automatic;
				CURRENT_PROJECT_VERSION = 1;
				DEVELOPMENT_TEAM = NUANG5WKCH;
				GENERATE_INFOPLIST_FILE = YES;
				MARKETING_VERSION = 1.0;
				PRODUCT_BUNDLE_IDENTIFIER = ErenErtenCompany.BrowserAppUITests;
				PRODUCT_NAME = "$(TARGET_NAME)";
				SWIFT_EMIT_LOC_STRINGS = NO;
				SWIFT_VERSION = 5.0;
				TARGETED_DEVICE_FAMILY = "1,2";
				TEST_TARGET_NAME = BrowserApp;
			};
			name = Debug;
		};
		3B568EBA2A66A85800C84D25 /* Release */ = {
			isa = XCBuildConfiguration;
			baseConfigurationReference = 1F3100938F2DD092CE0C8B00 /* Pods-BrowserApp-BrowserAppUITests.release.xcconfig */;
			buildSettings = {
				ALWAYS_EMBED_SWIFT_STANDARD_LIBRARIES = YES;
				CODE_SIGN_STYLE = Automatic;
				CURRENT_PROJECT_VERSION = 1;
				DEVELOPMENT_TEAM = NUANG5WKCH;
				GENERATE_INFOPLIST_FILE = YES;
				MARKETING_VERSION = 1.0;
				PRODUCT_BUNDLE_IDENTIFIER = ErenErtenCompany.BrowserAppUITests;
				PRODUCT_NAME = "$(TARGET_NAME)";
				SWIFT_EMIT_LOC_STRINGS = NO;
				SWIFT_VERSION = 5.0;
				TARGETED_DEVICE_FAMILY = "1,2";
				TEST_TARGET_NAME = BrowserApp;
			};
			name = Release;
		};
/* End XCBuildConfiguration section */

/* Begin XCConfigurationList section */
		3B568E832A66A85600C84D25 /* Build configuration list for PBXProject "BrowserApp" */ = {
			isa = XCConfigurationList;
			buildConfigurations = (
				3B568EB02A66A85800C84D25 /* Debug */,
				3B568EB12A66A85800C84D25 /* Release */,
			);
			defaultConfigurationIsVisible = 0;
			defaultConfigurationName = Release;
		};
		3B568EB22A66A85800C84D25 /* Build configuration list for PBXNativeTarget "BrowserApp" */ = {
			isa = XCConfigurationList;
			buildConfigurations = (
				3B568EB32A66A85800C84D25 /* Debug */,
				3B568EB42A66A85800C84D25 /* Release */,
			);
			defaultConfigurationIsVisible = 0;
			defaultConfigurationName = Release;
		};
		3B568EB52A66A85800C84D25 /* Build configuration list for PBXNativeTarget "BrowserAppTests" */ = {
			isa = XCConfigurationList;
			buildConfigurations = (
				3B568EB62A66A85800C84D25 /* Debug */,
				3B568EB72A66A85800C84D25 /* Release */,
			);
			defaultConfigurationIsVisible = 0;
			defaultConfigurationName = Release;
		};
		3B568EB82A66A85800C84D25 /* Build configuration list for PBXNativeTarget "BrowserAppUITests" */ = {
			isa = XCConfigurationList;
			buildConfigurations = (
				3B568EB92A66A85800C84D25 /* Debug */,
				3B568EBA2A66A85800C84D25 /* Release */,
			);
			defaultConfigurationIsVisible = 0;
			defaultConfigurationName = Release;
		};
/* End XCConfigurationList section */

/* Begin XCSwiftPackageProductDependency section */
		3B568EBD2A66A90300C84D25 /* BrowserLib */ = {
			isa = XCSwiftPackageProductDependency;
			productName = BrowserLib;
		};
/* End XCSwiftPackageProductDependency section */
	};
	rootObject = 3B568E802A66A85600C84D25 /* Project object */;
}
